
Microsoft Visual Studio Solution File, Format Version 12.00
# Visual Studio Version 16
VisualStudioVersion = 16.0.29326.143
MinimumVisualStudioVersion = 10.0.40219.1
Project("{9A19103F-16F7-4668-BE54-9A1E7A4F7556}") = "ZapWeb", "ZapWeb\ZapWeb.csproj", "{6C77B094-E0D1-4306-BA0A-0A7AB2911221}"
EndProject
Project("{FAE04EC0-301F-11D3-BF4B-00C04F79EFBC}") = "ZapApp.UWP", "ZapApp\ZapApp.UWP\ZapApp.UWP.csproj", "{AF7B071F-52F2-4A29-BEAC-994934DD62D6}"
EndProject
Project("{FAE04EC0-301F-11D3-BF4B-00C04F79EFBC}") = "ZapApp.Android", "ZapApp\ZapApp.Android\ZapApp.Android.csproj", "{D59603A6-301C-4645-BFB2-FC8F56419F6E}"
EndProject
Project("{FAE04EC0-301F-11D3-BF4B-00C04F79EFBC}") = "ZapApp.iOS", "ZapApp\ZapApp.iOS\ZapApp.iOS.csproj", "{811A5AAB-F742-498B-80D6-CF659F2EB421}"
EndProject
Project("{FAE04EC0-301F-11D3-BF4B-00C04F79EFBC}") = "ZapApp", "ZapApp\ZapApp\ZapApp.csproj", "{8AD9918D-4199-4015-A907-2BC9031E5A01}"
EndProject
Global
	GlobalSection(SolutionConfigurationPlatforms) = preSolution
		Debug|Any CPU = Debug|Any CPU
		Debug|ARM = Debug|ARM
		Debug|iPhone = Debug|iPhone
		Debug|iPhoneSimulator = Debug|iPhoneSimulator
		Debug|x64 = Debug|x64
		Debug|x86 = Debug|x86
		Release|Any CPU = Release|Any CPU
		Release|ARM = Release|ARM
		Release|iPhone = Release|iPhone
		Release|iPhoneSimulator = Release|iPhoneSimulator
		Release|x64 = Release|x64
		Release|x86 = Release|x86
	EndGlobalSection
	GlobalSection(ProjectConfigurationPlatforms) = postSolution
		{6C77B094-E0D1-4306-BA0A-0A7AB2911221}.Debug|Any CPU.ActiveCfg = Debug|Any CPU
		{6C77B094-E0D1-4306-BA0A-0A7AB2911221}.Debug|Any CPU.Build.0 = Debug|Any CPU
		{6C77B094-E0D1-4306-BA0A-0A7AB2911221}.Debug|ARM.ActiveCfg = Debug|Any CPU
		{6C77B094-E0D1-4306-BA0A-0A7AB2911221}.Debug|ARM.Build.0 = Debug|Any CPU
		{6C77B094-E0D1-4306-BA0A-0A7AB2911221}.Debug|iPhone.ActiveCfg = Debug|Any CPU
		{6C77B094-E0D1-4306-BA0A-0A7AB2911221}.Debug|iPhone.Build.0 = Debug|Any CPU
		{6C77B094-E0D1-4306-BA0A-0A7AB2911221}.Debug|iPhoneSimulator.ActiveCfg = Debug|Any CPU
		{6C77B094-E0D1-4306-BA0A-0A7AB2911221}.Debug|iPhoneSimulator.Build.0 = Debug|Any CPU
		{6C77B094-E0D1-4306-BA0A-0A7AB2911221}.Debug|x64.ActiveCfg = Debug|Any CPU
		{6C77B094-E0D1-4306-BA0A-0A7AB2911221}.Debug|x64.Build.0 = Debug|Any CPU
		{6C77B094-E0D1-4306-BA0A-0A7AB2911221}.Debug|x86.ActiveCfg = Debug|Any CPU
		{6C77B094-E0D1-4306-BA0A-0A7AB2911221}.Debug|x86.Build.0 = Debug|Any CPU
		{6C77B094-E0D1-4306-BA0A-0A7AB2911221}.Release|Any CPU.ActiveCfg = Release|Any CPU
		{6C77B094-E0D1-4306-BA0A-0A7AB2911221}.Release|Any CPU.Build.0 = Release|Any CPU
		{6C77B094-E0D1-4306-BA0A-0A7AB2911221}.Release|ARM.ActiveCfg = Release|Any CPU
		{6C77B094-E0D1-4306-BA0A-0A7AB2911221}.Release|ARM.Build.0 = Release|Any CPU
		{6C77B094-E0D1-4306-BA0A-0A7AB2911221}.Release|iPhone.ActiveCfg = Release|Any CPU
		{6C77B094-E0D1-4306-BA0A-0A7AB2911221}.Release|iPhone.Build.0 = Release|Any CPU
		{6C77B094-E0D1-4306-BA0A-0A7AB2911221}.Release|iPhoneSimulator.ActiveCfg = Release|Any CPU
		{6C77B094-E0D1-4306-BA0A-0A7AB2911221}.Release|iPhoneSimulator.Build.0 = Release|Any CPU
		{6C77B094-E0D1-4306-BA0A-0A7AB2911221}.Release|x64.ActiveCfg = Release|Any CPU
		{6C77B094-E0D1-4306-BA0A-0A7AB2911221}.Release|x64.Build.0 = Release|Any CPU
		{6C77B094-E0D1-4306-BA0A-0A7AB2911221}.Release|x86.ActiveCfg = Release|Any CPU
		{6C77B094-E0D1-4306-BA0A-0A7AB2911221}.Release|x86.Build.0 = Release|Any CPU
		{AF7B071F-52F2-4A29-BEAC-994934DD62D6}.Debug|Any CPU.ActiveCfg = Debug|x86
		{AF7B071F-52F2-4A29-BEAC-994934DD62D6}.Debug|ARM.ActiveCfg = Debug|ARM
		{AF7B071F-52F2-4A29-BEAC-994934DD62D6}.Debug|ARM.Build.0 = Debug|ARM
		{AF7B071F-52F2-4A29-BEAC-994934DD62D6}.Debug|ARM.Deploy.0 = Debug|ARM
		{AF7B071F-52F2-4A29-BEAC-994934DD62D6}.Debug|iPhone.ActiveCfg = Debug|x86
		{AF7B071F-52F2-4A29-BEAC-994934DD62D6}.Debug|iPhoneSimulator.ActiveCfg = Debug|x86
		{AF7B071F-52F2-4A29-BEAC-994934DD62D6}.Debug|x64.ActiveCfg = Debug|x64
		{AF7B071F-52F2-4A29-BEAC-994934DD62D6}.Debug|x64.Build.0 = Debug|x64
		{AF7B071F-52F2-4A29-BEAC-994934DD62D6}.Debug|x64.Deploy.0 = Debug|x64
		{AF7B071F-52F2-4A29-BEAC-994934DD62D6}.Debug|x86.ActiveCfg = Debug|x86
		{AF7B071F-52F2-4A29-BEAC-994934DD62D6}.Debug|x86.Build.0 = Debug|x86
		{AF7B071F-52F2-4A29-BEAC-994934DD62D6}.Debug|x86.Deploy.0 = Debug|x86
		{AF7B071F-52F2-4A29-BEAC-994934DD62D6}.Release|Any CPU.ActiveCfg = Release|x86
		{AF7B071F-52F2-4A29-BEAC-994934DD62D6}.Release|ARM.ActiveCfg = Release|ARM
		{AF7B071F-52F2-4A29-BEAC-994934DD62D6}.Release|ARM.Build.0 = Release|ARM
		{AF7B071F-52F2-4A29-BEAC-994934DD62D6}.Release|ARM.Deploy.0 = Release|ARM
		{AF7B071F-52F2-4A29-BEAC-994934DD62D6}.Release|iPhone.ActiveCfg = Release|x86
		{AF7B071F-52F2-4A29-BEAC-994934DD62D6}.Release|iPhoneSimulator.ActiveCfg = Release|x86
		{AF7B071F-52F2-4A29-BEAC-994934DD62D6}.Release|x64.ActiveCfg = Release|x64
		{AF7B071F-52F2-4A29-BEAC-994934DD62D6}.Release|x64.Build.0 = Release|x64
		{AF7B071F-52F2-4A29-BEAC-994934DD62D6}.Release|x64.Deploy.0 = Release|x64
		{AF7B071F-52F2-4A29-BEAC-994934DD62D6}.Release|x86.ActiveCfg = Release|x86
		{AF7B071F-52F2-4A29-BEAC-994934DD62D6}.Release|x86.Build.0 = Release|x86
		{AF7B071F-52F2-4A29-BEAC-994934DD62D6}.Release|x86.Deploy.0 = Release|x86
		{D59603A6-301C-4645-BFB2-FC8F56419F6E}.Debug|Any CPU.ActiveCfg = Debug|Any CPU
		{D59603A6-301C-4645-BFB2-FC8F56419F6E}.Debug|Any CPU.Build.0 = Debug|Any CPU
		{D59603A6-301C-4645-BFB2-FC8F56419F6E}.Debug|Any CPU.Deploy.0 = Debug|Any CPU
		{D59603A6-301C-4645-BFB2-FC8F56419F6E}.Debug|ARM.ActiveCfg = Debug|Any CPU
		{D59603A6-301C-4645-BFB2-FC8F56419F6E}.Debug|ARM.Build.0 = Debug|Any CPU
		{D59603A6-301C-4645-BFB2-FC8F56419F6E}.Debug|ARM.Deploy.0 = Debug|Any CPU
		{D59603A6-301C-4645-BFB2-FC8F56419F6E}.Debug|iPhone.ActiveCfg = Debug|Any CPU
		{D59603A6-301C-4645-BFB2-FC8F56419F6E}.Debug|iPhone.Build.0 = Debug|Any CPU
		{D59603A6-301C-4645-BFB2-FC8F56419F6E}.Debug|iPhone.Deploy.0 = Debug|Any CPU
		{D59603A6-301C-4645-BFB2-FC8F56419F6E}.Debug|iPhoneSimulator.ActiveCfg = Debug|Any CPU
		{D59603A6-301C-4645-BFB2-FC8F56419F6E}.Debug|iPhoneSimulator.Build.0 = Debug|Any CPU
		{D59603A6-301C-4645-BFB2-FC8F56419F6E}.Debug|iPhoneSimulator.Deploy.0 = Debug|Any CPU
		{D59603A6-301C-4645-BFB2-FC8F56419F6E}.Debug|x64.ActiveCfg = Debug|Any CPU
		{D59603A6-301C-4645-BFB2-FC8F56419F6E}.Debug|x64.Build.0 = Debug|Any CPU
		{D59603A6-301C-4645-BFB2-FC8F56419F6E}.Debug|x64.Deploy.0 = Debug|Any CPU
		{D59603A6-301C-4645-BFB2-FC8F56419F6E}.Debug|x86.ActiveCfg = Debug|Any CPU
		{D59603A6-301C-4645-BFB2-FC8F56419F6E}.Debug|x86.Build.0 = Debug|Any CPU
		{D59603A6-301C-4645-BFB2-FC8F56419F6E}.Debug|x86.Deploy.0 = Debug|Any CPU
		{D59603A6-301C-4645-BFB2-FC8F56419F6E}.Release|Any CPU.ActiveCfg = Release|Any CPU
		{D59603A6-301C-4645-BFB2-FC8F56419F6E}.Release|Any CPU.Build.0 = Release|Any CPU
		{D59603A6-301C-4645-BFB2-FC8F56419F6E}.Release|Any CPU.Deploy.0 = Release|Any CPU
		{D59603A6-301C-4645-BFB2-FC8F56419F6E}.Release|ARM.ActiveCfg = Release|Any CPU
		{D59603A6-301C-4645-BFB2-FC8F56419F6E}.Release|ARM.Build.0 = Release|Any CPU
		{D59603A6-301C-4645-BFB2-FC8F56419F6E}.Release|ARM.Deploy.0 = Release|Any CPU
		{D59603A6-301C-4645-BFB2-FC8F56419F6E}.Release|iPhone.ActiveCfg = Release|Any CPU
		{D59603A6-301C-4645-BFB2-FC8F56419F6E}.Release|iPhone.Build.0 = Release|Any CPU
		{D59603A6-301C-4645-BFB2-FC8F56419F6E}.Release|iPhone.Deploy.0 = Release|Any CPU
		{D59603A6-301C-4645-BFB2-FC8F56419F6E}.Release|iPhoneSimulator.ActiveCfg = Release|Any CPU
		{D59603A6-301C-4645-BFB2-FC8F56419F6E}.Release|iPhoneSimulator.Build.0 = Release|Any CPU
		{D59603A6-301C-4645-BFB2-FC8F56419F6E}.Release|iPhoneSimulator.Deploy.0 = Release|Any CPU
		{D59603A6-301C-4645-BFB2-FC8F56419F6E}.Release|x64.ActiveCfg = Release|Any CPU
		{D59603A6-301C-4645-BFB2-FC8F56419F6E}.Release|x64.Build.0 = Release|Any CPU
		{D59603A6-301C-4645-BFB2-FC8F56419F6E}.Release|x64.Deploy.0 = Release|Any CPU
		{D59603A6-301C-4645-BFB2-FC8F56419F6E}.Release|x86.ActiveCfg = Release|Any CPU
		{D59603A6-301C-4645-BFB2-FC8F56419F6E}.Release|x86.Build.0 = Release|Any CPU
		{D59603A6-301C-4645-BFB2-FC8F56419F6E}.Release|x86.Deploy.0 = Release|Any CPU
		{811A5AAB-F742-498B-80D6-CF659F2EB421}.Debug|Any CPU.ActiveCfg = Debug|iPhone
		{811A5AAB-F742-498B-80D6-CF659F2EB421}.Debug|ARM.ActiveCfg = Debug|iPhone
		{811A5AAB-F742-498B-80D6-CF659F2EB421}.Debug|iPhone.ActiveCfg = Debug|iPhone
		{811A5AAB-F742-498B-80D6-CF659F2EB421}.Debug|iPhone.Build.0 = Debug|iPhone
		{811A5AAB-F742-498B-80D6-CF659F2EB421}.Debug|iPhoneSimulator.ActiveCfg = Debug|iPhoneSimulator
		{811A5AAB-F742-498B-80D6-CF659F2EB421}.Debug|iPhoneSimulator.Build.0 = Debug|iPhoneSimulator
		{811A5AAB-F742-498B-80D6-CF659F2EB421}.Debug|x64.ActiveCfg = Debug|iPhone
		{811A5AAB-F742-498B-80D6-CF659F2EB421}.Debug|x86.ActiveCfg = Debug|iPhone
		{811A5AAB-F742-498B-80D6-CF659F2EB421}.Release|Any CPU.ActiveCfg = Release|iPhone
		{811A5AAB-F742-498B-80D6-CF659F2EB421}.Release|ARM.ActiveCfg = Release|iPhone
		{811A5AAB-F742-498B-80D6-CF659F2EB421}.Release|iPhone.ActiveCfg = Release|iPhone
		{811A5AAB-F742-498B-80D6-CF659F2EB421}.Release|iPhone.Build.0 = Release|iPhone
		{811A5AAB-F742-498B-80D6-CF659F2EB421}.Release|iPhoneSimulator.ActiveCfg = Release|iPhoneSimulator
		{811A5AAB-F742-498B-80D6-CF659F2EB421}.Release|iPhoneSimulator.Build.0 = Release|iPhoneSimulator
		{811A5AAB-F742-498B-80D6-CF659F2EB421}.Release|x64.ActiveCfg = Release|iPhone
		{811A5AAB-F742-498B-80D6-CF659F2EB421}.Release|x86.ActiveCfg = Release|iPhone
		{8AD9918D-4199-4015-A907-2BC9031E5A01}.Debug|Any CPU.ActiveCfg = Debug|Any CPU
		{8AD9918D-4199-4015-A907-2BC9031E5A01}.Debug|Any CPU.Build.0 = Debug|Any CPU
		{8AD9918D-4199-4015-A907-2BC9031E5A01}.Debug|ARM.ActiveCfg = Debug|Any CPU
		{8AD9918D-4199-4015-A907-2BC9031E5A01}.Debug|ARM.Build.0 = Debug|Any CPU
		{8AD9918D-4199-4015-A907-2BC9031E5A01}.Debug|iPhone.ActiveCfg = Debug|Any CPU
		{8AD9918D-4199-4015-A907-2BC9031E5A01}.Debug|iPhone.Build.0 = Debug|Any CPU
		{8AD9918D-4199-4015-A907-2BC9031E5A01}.Debug|iPhoneSimulator.ActiveCfg = Debug|Any CPU
		{8AD9918D-4199-4015-A907-2BC9031E5A01}.Debug|iPhoneSimulator.Build.0 = Debug|Any CPU
		{8AD9918D-4199-4015-A907-2BC9031E5A01}.Debug|x64.ActiveCfg = Debug|Any CPU
		{8AD9918D-4199-4015-A907-2BC9031E5A01}.Debug|x64.Build.0 = Debug|Any CPU
		{8AD9918D-4199-4015-A907-2BC9031E5A01}.Debug|x86.ActiveCfg = Debug|Any CPU
		{8AD9918D-4199-4015-A907-2BC9031E5A01}.Debug|x86.Build.0 = Debug|Any CPU
		{8AD9918D-4199-4015-A907-2BC9031E5A01}.Release|Any CPU.ActiveCfg = Release|Any CPU
		{8AD9918D-4199-4015-A907-2BC9031E5A01}.Release|Any CPU.Build.0 = Release|Any CPU
		{8AD9918D-4199-4015-A907-2BC9031E5A01}.Release|ARM.ActiveCfg = Release|Any CPU
		{8AD9918D-4199-4015-A907-2BC9031E5A01}.Release|ARM.Build.0 = Release|Any CPU
		{8AD9918D-4199-4015-A907-2BC9031E5A01}.Release|iPhone.ActiveCfg = Release|Any CPU
		{8AD9918D-4199-4015-A907-2BC9031E5A01}.Release|iPhone.Build.0 = Release|Any CPU
		{8AD9918D-4199-4015-A907-2BC9031E5A01}.Release|iPhoneSimulator.ActiveCfg = Release|Any CPU
		{8AD9918D-4199-4015-A907-2BC9031E5A01}.Release|iPhoneSimulator.Build.0 = Release|Any CPU
		{8AD9918D-4199-4015-A907-2BC9031E5A01}.Release|x64.ActiveCfg = Release|Any CPU
		{8AD9918D-4199-4015-A907-2BC9031E5A01}.Release|x64.Build.0 = Release|Any CPU
		{8AD9918D-4199-4015-A907-2BC9031E5A01}.Release|x86.ActiveCfg = Release|Any CPU
		{8AD9918D-4199-4015-A907-2BC9031E5A01}.Release|x86.Build.0 = Release|Any CPU
	EndGlobalSection
	GlobalSection(SolutionProperties) = preSolution
		HideSolutionNode = FALSE
	EndGlobalSection
	GlobalSection(ExtensibilityGlobals) = postSolution
		SolutionGuid = {A9D21BBE-311F-45A3-AFEE-317EB96F995D}
	EndGlobalSection
EndGlobal
